
Microsoft Visual Studio Solution File, Format Version 12.00
# Visual Studio Version 17
VisualStudioVersion = 17.9.34728.123
MinimumVisualStudioVersion = 10.0.40219.1
Project("{9A19103F-16F7-4668-BE54-9A1E7A4F7556}") = "SettingsManager", "SettingsManager\SettingsManager.csproj", "{3523E149-7707-4C97-A9EC-34DC0BB12981}"
EndProject
Project("{D954291E-2A0B-460D-934E-DC6B0785DB48}") = "LibShared", "LibShared\LibShared.shproj", "{82E5D509-AF54-4030-A715-4FE1D5D70425}"
EndProject
Project("{2150E333-8FDC-42A3-9474-1A3956D46DE8}") = "Items", "Items", "{5DAAE25D-2979-4347-8CF8-3A028DF069D6}"
	ProjectSection(SolutionItems) = preProject
		crowdin.yml = crowdin.yml
		LICENSE = LICENSE
		README.md = README.md
	EndProjectSection
EndProject
Global
	GlobalSection(SolutionConfigurationPlatforms) = preSolution
		Debug|Any CPU = Debug|Any CPU
		Release|Any CPU = Release|Any CPU
	EndGlobalSection
	GlobalSection(ProjectConfigurationPlatforms) = postSolution
		{3523E149-7707-4C97-A9EC-34DC0BB12981}.Debug|Any CPU.ActiveCfg = Debug|Any CPU
		{3523E149-7707-4C97-A9EC-34DC0BB12981}.Debug|Any CPU.Build.0 = Debug|Any CPU
		{3523E149-7707-4C97-A9EC-34DC0BB12981}.Release|Any CPU.ActiveCfg = Release|Any CPU
		{3523E149-7707-4C97-A9EC-34DC0BB12981}.Release|Any CPU.Build.0 = Release|Any CPU
	EndGlobalSection
	GlobalSection(SolutionProperties) = preSolution
		HideSolutionNode = FALSE
	EndGlobalSection
	GlobalSection(ExtensibilityGlobals) = postSolution
		SolutionGuid = {AECEF99C-9898-4541-BA93-C0F7652D1D3C}
	EndGlobalSection
	GlobalSection(SharedMSBuildProjectFiles) = preSolution
		LibShared\LibShared.projitems*{3523e149-7707-4c97-a9ec-34dc0bb12981}*SharedItemsImports = 5
		LibShared\LibShared.projitems*{82e5d509-af54-4030-a715-4fe1d5d70425}*SharedItemsImports = 13
	EndGlobalSection
EndGlobal
